// !$*UTF8*$!
{
	archiveVersion = 1;
	classes = {
	};
	objectVersion = 46;
	objects = {

/* Begin PBXBuildFile section */
		1E4C80E61480140800585F16 /* UIKit.framework in Frameworks */ = {isa = PBXBuildFile; fileRef = 1E4C80E51480140800585F16 /* UIKit.framework */; };
		1E4C80E81480140800585F16 /* Foundation.framework in Frameworks */ = {isa = PBXBuildFile; fileRef = 1E4C80E71480140800585F16 /* Foundation.framework */; };
		1E4C80EA1480140800585F16 /* CoreGraphics.framework in Frameworks */ = {isa = PBXBuildFile; fileRef = 1E4C80E91480140800585F16 /* CoreGraphics.framework */; };
		1E4C80F01480140800585F16 /* InfoPlist.strings in Resources */ = {isa = PBXBuildFile; fileRef = 1E4C80EE1480140800585F16 /* InfoPlist.strings */; };
		1E4C80F21480140800585F16 /* main.m in Sources */ = {isa = PBXBuildFile; fileRef = 1E4C80F11480140800585F16 /* main.m */; };
		1E4C80F61480140800585F16 /* CrookedAppDelegate.m in Sources */ = {isa = PBXBuildFile; fileRef = 1E4C80F51480140800585F16 /* CrookedAppDelegate.m */; };
		1E4C80F91480140800585F16 /* MainStoryboard.storyboard in Resources */ = {isa = PBXBuildFile; fileRef = 1E4C80F71480140800585F16 /* MainStoryboard.storyboard */; };
		1E4C80FC1480140800585F16 /* CrookedViewController.m in Sources */ = {isa = PBXBuildFile; fileRef = 1E4C80FB1480140800585F16 /* CrookedViewController.m */; };
		1E4C8103148016DC00585F16 /* AVFoundation.framework in Frameworks */ = {isa = PBXBuildFile; fileRef = 1E4C8102148016DC00585F16 /* AVFoundation.framework */; };
/* End PBXBuildFile section */

/* Begin PBXFileReference section */
		1E4C80E11480140800585F16 /* Crooked.app */ = {isa = PBXFileReference; explicitFileType = wrapper.application; includeInIndex = 0; path = Crooked.app; sourceTree = BUILT_PRODUCTS_DIR; };
		1E4C80E51480140800585F16 /* UIKit.framework */ = {isa = PBXFileReference; lastKnownFileType = wrapper.framework; name = UIKit.framework; path = System/Library/Frameworks/UIKit.framework; sourceTree = SDKROOT; };
		1E4C80E71480140800585F16 /* Foundation.framework */ = {isa = PBXFileReference; lastKnownFileType = wrapper.framework; name = Foundation.framework; path = System/Library/Frameworks/Foundation.framework; sourceTree = SDKROOT; };
		1E4C80E91480140800585F16 /* CoreGraphics.framework */ = {isa = PBXFileReference; lastKnownFileType = wrapper.framework; name = CoreGraphics.framework; path = System/Library/Frameworks/CoreGraphics.framework; sourceTree = SDKROOT; };
		1E4C80ED1480140800585F16 /* Crooked-Info.plist */ = {isa = PBXFileReference; lastKnownFileType = text.plist.xml; path = "Crooked-Info.plist"; sourceTree = "<group>"; };
		1E4C80EF1480140800585F16 /* en */ = {isa = PBXFileReference; lastKnownFileType = text.plist.strings; name = en; path = en.lproj/InfoPlist.strings; sourceTree = "<group>"; };
		1E4C80F11480140800585F16 /* main.m */ = {isa = PBXFileReference; lastKnownFileType = sourcecode.c.objc; path = main.m; sourceTree = "<group>"; };
		1E4C80F31480140800585F16 /* Crooked-Prefix.pch */ = {isa = PBXFileReference; lastKnownFileType = sourcecode.c.h; path = "Crooked-Prefix.pch"; sourceTree = "<group>"; };
		1E4C80F41480140800585F16 /* CrookedAppDelegate.h */ = {isa = PBXFileReference; lastKnownFileType = sourcecode.c.h; path = CrookedAppDelegate.h; sourceTree = "<group>"; };
		1E4C80F51480140800585F16 /* CrookedAppDelegate.m */ = {isa = PBXFileReference; lastKnownFileType = sourcecode.c.objc; path = CrookedAppDelegate.m; sourceTree = "<group>"; };
		1E4C80F81480140800585F16 /* en */ = {isa = PBXFileReference; lastKnownFileType = file.storyboard; name = en; path = en.lproj/MainStoryboard.storyboard; sourceTree = "<group>"; };
		1E4C80FA1480140800585F16 /* CrookedViewController.h */ = {isa = PBXFileReference; lastKnownFileType = sourcecode.c.h; path = CrookedViewController.h; sourceTree = "<group>"; };
		1E4C80FB1480140800585F16 /* CrookedViewController.m */ = {isa = PBXFileReference; lastKnownFileType = sourcecode.c.objc; path = CrookedViewController.m; sourceTree = "<group>"; };
		1E4C8102148016DC00585F16 /* AVFoundation.framework */ = {isa = PBXFileReference; lastKnownFileType = wrapper.framework; name = AVFoundation.framework; path = System/Library/Frameworks/AVFoundation.framework; sourceTree = SDKROOT; };
/* End PBXFileReference section */

/* Begin PBXFrameworksBuildPhase section */
		1E4C80DE1480140800585F16 /* Frameworks */ = {
			isa = PBXFrameworksBuildPhase;
			buildActionMask = 2147483647;
			files = (
				1E4C8103148016DC00585F16 /* AVFoundation.framework in Frameworks */,
				1E4C80E61480140800585F16 /* UIKit.framework in Frameworks */,
				1E4C80E81480140800585F16 /* Foundation.framework in Frameworks */,
				1E4C80EA1480140800585F16 /* CoreGraphics.framework in Frameworks */,
			);
			runOnlyForDeploymentPostprocessing = 0;
		};
/* End PBXFrameworksBuildPhase section */

/* Begin PBXGroup section */
		1E4C80D61480140800585F16 = {
			isa = PBXGroup;
			children = (
				1E4C80EB1480140800585F16 /* Crooked */,
				1E4C80E41480140800585F16 /* Frameworks */,
				1E4C80E21480140800585F16 /* Products */,
			);
			sourceTree = "<group>";
		};
		1E4C80E21480140800585F16 /* Products */ = {
			isa = PBXGroup;
			children = (
				1E4C80E11480140800585F16 /* Crooked.app */,
			);
			name = Products;
			sourceTree = "<group>";
		};
		1E4C80E41480140800585F16 /* Frameworks */ = {
			isa = PBXGroup;
			children = (
				1E4C8102148016DC00585F16 /* AVFoundation.framework */,
				1E4C80E51480140800585F16 /* UIKit.framework */,
				1E4C80E71480140800585F16 /* Foundation.framework */,
				1E4C80E91480140800585F16 /* CoreGraphics.framework */,
			);
			name = Frameworks;
			sourceTree = "<group>";
		};
		1E4C80EB1480140800585F16 /* Crooked */ = {
			isa = PBXGroup;
			children = (
				1E4C80F41480140800585F16 /* CrookedAppDelegate.h */,
				1E4C80F51480140800585F16 /* CrookedAppDelegate.m */,
				1E4C80F71480140800585F16 /* MainStoryboard.storyboard */,
				1E4C80FA1480140800585F16 /* CrookedViewController.h */,
				1E4C80FB1480140800585F16 /* CrookedViewController.m */,
				1E4C80EC1480140800585F16 /* Supporting Files */,
			);
			path = Crooked;
			sourceTree = "<group>";
		};
		1E4C80EC1480140800585F16 /* Supporting Files */ = {
			isa = PBXGroup;
			children = (
				1E4C80ED1480140800585F16 /* Crooked-Info.plist */,
				1E4C80EE1480140800585F16 /* InfoPlist.strings */,
				1E4C80F11480140800585F16 /* main.m */,
				1E4C80F31480140800585F16 /* Crooked-Prefix.pch */,
			);
			name = "Supporting Files";
			sourceTree = "<group>";
		};
/* End PBXGroup section */

/* Begin PBXNativeTarget section */
		1E4C80E01480140800585F16 /* Crooked */ = {
			isa = PBXNativeTarget;
			buildConfigurationList = 1E4C80FF1480140800585F16 /* Build configuration list for PBXNativeTarget "Crooked" */;
			buildPhases = (
				1E4C80DD1480140800585F16 /* Sources */,
				1E4C80DE1480140800585F16 /* Frameworks */,
				1E4C80DF1480140800585F16 /* Resources */,
			);
			buildRules = (
			);
			dependencies = (
			);
			name = Crooked;
			productName = Crooked;
			productReference = 1E4C80E11480140800585F16 /* Crooked.app */;
			productType = "com.apple.product-type.application";
		};
/* End PBXNativeTarget section */

/* Begin PBXProject section */
		1E4C80D81480140800585F16 /* Project object */ = {
			isa = PBXProject;
			attributes = {
				LastUpgradeCheck = 0420;
				ORGANIZATIONNAME = StoredIQ;
			};
			buildConfigurationList = 1E4C80DB1480140800585F16 /* Build configuration list for PBXProject "Crooked" */;
			compatibilityVersion = "Xcode 3.2";
			developmentRegion = English;
			hasScannedForEncodings = 0;
			knownRegions = (
				en,
			);
			mainGroup = 1E4C80D61480140800585F16;
			productRefGroup = 1E4C80E21480140800585F16 /* Products */;
			projectDirPath = "";
			projectRoot = "";
			targets = (
				1E4C80E01480140800585F16 /* Crooked */,
			);
		};
/* End PBXProject section */

/* Begin PBXResourcesBuildPhase section */
		1E4C80DF1480140800585F16 /* Resources */ = {
			isa = PBXResourcesBuildPhase;
			buildActionMask = 2147483647;
			files = (
				1E4C80F01480140800585F16 /* InfoPlist.strings in Resources */,
				1E4C80F91480140800585F16 /* MainStoryboard.storyboard in Resources */,
			);
			runOnlyForDeploymentPostprocessing = 0;
		};
/* End PBXResourcesBuildPhase section */

/* Begin PBXSourcesBuildPhase section */
		1E4C80DD1480140800585F16 /* Sources */ = {
			isa = PBXSourcesBuildPhase;
			buildActionMask = 2147483647;
			files = (
				1E4C80F21480140800585F16 /* main.m in Sources */,
				1E4C80F61480140800585F16 /* CrookedAppDelegate.m in Sources */,
				1E4C80FC1480140800585F16 /* CrookedViewController.m in Sources */,
			);
			runOnlyForDeploymentPostprocessing = 0;
		};
/* End PBXSourcesBuildPhase section */

/* Begin PBXVariantGroup section */
		1E4C80EE1480140800585F16 /* InfoPlist.strings */ = {
			isa = PBXVariantGroup;
			children = (
				1E4C80EF1480140800585F16 /* en */,
			);
			name = InfoPlist.strings;
			sourceTree = "<group>";
		};
		1E4C80F71480140800585F16 /* MainStoryboard.storyboard */ = {
			isa = PBXVariantGroup;
			children = (
				1E4C80F81480140800585F16 /* en */,
			);
			name = MainStoryboard.storyboard;
			sourceTree = "<group>";
		};
/* End PBXVariantGroup section */

/* Begin XCBuildConfiguration section */
		1E4C80FD1480140800585F16 /* Debug */ = {
			isa = XCBuildConfiguration;
			buildSettings = {
				ALWAYS_SEARCH_USER_PATHS = NO;
				ARCHS = "$(ARCHS_STANDARD_32_BIT)";
				CLANG_ENABLE_OBJC_ARC = YES;
				"CODE_SIGN_IDENTITY[sdk=iphoneos*]" = "iPhone Developer";
				COPY_PHASE_STRIP = NO;
				GCC_C_LANGUAGE_STANDARD = gnu99;
				GCC_DYNAMIC_NO_PIC = NO;
				GCC_OPTIMIZATION_LEVEL = 0;
				GCC_PREPROCESSOR_DEFINITIONS = (
					"DEBUG=1",
					"$(inherited)",
				);
				GCC_SYMBOLS_PRIVATE_EXTERN = NO;
				GCC_VERSION = com.apple.compilers.llvm.clang.1_0;
				GCC_WARN_ABOUT_MISSING_PROTOTYPES = YES;
				GCC_WARN_ABOUT_RETURN_TYPE = YES;
				GCC_WARN_UNUSED_VARIABLE = YES;
				IPHONEOS_DEPLOYMENT_TARGET = 5.0;
				SDKROOT = iphoneos;
			};
			name = Debug;
		};
		1E4C80FE1480140800585F16 /* Release */ = {
			isa = XCBuildConfiguration;
			buildSettings = {
				ALWAYS_SEARCH_USER_PATHS = NO;
				ARCHS = "$(ARCHS_STANDARD_32_BIT)";
				CLANG_ENABLE_OBJC_ARC = YES;
				"CODE_SIGN_IDENTITY[sdk=iphoneos*]" = "iPhone Developer";
				COPY_PHASE_STRIP = YES;
				GCC_C_LANGUAGE_STANDARD = gnu99;
				GCC_VERSION = com.apple.compilers.llvm.clang.1_0;
				GCC_WARN_ABOUT_MISSING_PROTOTYPES = YES;
				GCC_WARN_ABOUT_RETURN_TYPE = YES;
				GCC_WARN_UNUSED_VARIABLE = YES;
				IPHONEOS_DEPLOYMENT_TARGET = 5.0;
				OTHER_CFLAGS = "-DNS_BLOCK_ASSERTIONS=1";
				SDKROOT = iphoneos;
				VALIDATE_PRODUCT = YES;
			};
			name = Release;
		};
		1E4C81001480140800585F16 /* Debug */ = {
			isa = XCBuildConfiguration;
			buildSettings = {
				GCC_PRECOMPILE_PREFIX_HEADER = YES;
				GCC_PREFIX_HEADER = "Crooked/Crooked-Prefix.pch";
				INFOPLIST_FILE = "Crooked/Crooked-Info.plist";
				PRODUCT_NAME = "$(TARGET_NAME)";
				WRAPPER_EXTENSION = app;
			};
			name = Debug;
		};
		1E4C81011480140800585F16 /* Release */ = {
			isa = XCBuildConfiguration;
			buildSettings = {
				GCC_PRECOMPILE_PREFIX_HEADER = YES;
				GCC_PREFIX_HEADER = "Crooked/Crooked-Prefix.pch";
				INFOPLIST_FILE = "Crooked/Crooked-Info.plist";
				PRODUCT_NAME = "$(TARGET_NAME)";
				WRAPPER_EXTENSION = app;
			};
			name = Release;
		};
/* End XCBuildConfiguration section */

/* Begin XCConfigurationList section */
		1E4C80DB1480140800585F16 /* Build configuration list for PBXProject "Crooked" */ = {
			isa = XCConfigurationList;
			buildConfigurations = (
				1E4C80FD1480140800585F16 /* Debug */,
				1E4C80FE1480140800585F16 /* Release */,
			);
			defaultConfigurationIsVisible = 0;
			defaultConfigurationName = Release;
		};
		1E4C80FF1480140800585F16 /* Build configuration list for PBXNativeTarget "Crooked" */ = {
			isa = XCConfigurationList;
			buildConfigurations = (
				1E4C81001480140800585F16 /* Debug */,
				1E4C81011480140800585F16 /* Release */,
			);
			defaultConfigurationIsVisible = 0;
		};
/* End XCConfigurationList section */
	};
	rootObject = 1E4C80D81480140800585F16 /* Project object */;
}
